
Microsoft Visual Studio Solution File, Format Version 12.00
# Visual Studio Version 17
VisualStudioVersion = 17.2.32505.173
MinimumVisualStudioVersion = 10.0.40219.1
Project("{9A19103F-16F7-4668-BE54-9A1E7A4F7556}") = "PBL3_Guna", "PBL3_Guna.csproj", "{3B9CA244-26DA-455C-8E01-1841083953CF}"
EndProject
Project("{FAE04EC0-301F-11D3-BF4B-00C04F79EFBC}") = "DAO", "..\DAO\DAO.csproj", "{CE72839D-9190-4EBC-8171-24A77C3C56BB}"
EndProject
Project("{FAE04EC0-301F-11D3-BF4B-00C04F79EFBC}") = "DTO", "..\DTO\DTO.csproj", "{3E5CF571-6E05-4845-AD4B-31A26168B857}"
EndProject
Project("{FAE04EC0-301F-11D3-BF4B-00C04F79EFBC}") = "BUS", "..\BUS\BUS.csproj", "{69FBAD65-DCC0-47A8-BE20-4445FE24F101}"
EndProject
Global
	GlobalSection(SolutionConfigurationPlatforms) = preSolution
		Debug|Any CPU = Debug|Any CPU
		Release|Any CPU = Release|Any CPU
	EndGlobalSection
	GlobalSection(ProjectConfigurationPlatforms) = postSolution
		{3B9CA244-26DA-455C-8E01-1841083953CF}.Debug|Any CPU.ActiveCfg = Debug|Any CPU
		{3B9CA244-26DA-455C-8E01-1841083953CF}.Debug|Any CPU.Build.0 = Debug|Any CPU
		{3B9CA244-26DA-455C-8E01-1841083953CF}.Release|Any CPU.ActiveCfg = Release|Any CPU
		{3B9CA244-26DA-455C-8E01-1841083953CF}.Release|Any CPU.Build.0 = Release|Any CPU
		{CE72839D-9190-4EBC-8171-24A77C3C56BB}.Debug|Any CPU.ActiveCfg = Debug|Any CPU
		{CE72839D-9190-4EBC-8171-24A77C3C56BB}.Debug|Any CPU.Build.0 = Debug|Any CPU
		{CE72839D-9190-4EBC-8171-24A77C3C56BB}.Release|Any CPU.ActiveCfg = Release|Any CPU
		{CE72839D-9190-4EBC-8171-24A77C3C56BB}.Release|Any CPU.Build.0 = Release|Any CPU
		{3E5CF571-6E05-4845-AD4B-31A26168B857}.Debug|Any CPU.ActiveCfg = Debug|Any CPU
		{3E5CF571-6E05-4845-AD4B-31A26168B857}.Debug|Any CPU.Build.0 = Debug|Any CPU
		{3E5CF571-6E05-4845-AD4B-31A26168B857}.Release|Any CPU.ActiveCfg = Release|Any CPU
		{3E5CF571-6E05-4845-AD4B-31A26168B857}.Release|Any CPU.Build.0 = Release|Any CPU
		{69FBAD65-DCC0-47A8-BE20-4445FE24F101}.Debug|Any CPU.ActiveCfg = Debug|Any CPU
		{69FBAD65-DCC0-47A8-BE20-4445FE24F101}.Debug|Any CPU.Build.0 = Debug|Any CPU
		{69FBAD65-DCC0-47A8-BE20-4445FE24F101}.Release|Any CPU.ActiveCfg = Release|Any CPU
		{69FBAD65-DCC0-47A8-BE20-4445FE24F101}.Release|Any CPU.Build.0 = Release|Any CPU
	EndGlobalSection
	GlobalSection(SolutionProperties) = preSolution
		HideSolutionNode = FALSE
	EndGlobalSection
	GlobalSection(ExtensibilityGlobals) = postSolution
		SolutionGuid = {B49CDC21-67A9-4B58-894B-0CE71816379E}
	EndGlobalSection
EndGlobal
